
Microsoft Visual Studio Solution File, Format Version 12.00
# Visual Studio Version 17
VisualStudioVersion = 17.5.33627.172
MinimumVisualStudioVersion = 10.0.40219.1
Project("{FAE04EC0-301F-11D3-BF4B-00C04F79EFBC}") = "WinAppVentaCasas", "WinAppVentaCasas\WinAppVentaCasas.csproj", "{2DA3AA98-2BA6-4076-996D-C7B55A90D1ED}"
EndProject
Global
	GlobalSection(SolutionConfigurationPlatforms) = preSolution
		Debug|Any CPU = Debug|Any CPU
		Release|Any CPU = Release|Any CPU
	EndGlobalSection
	GlobalSection(ProjectConfigurationPlatforms) = postSolution
		{2DA3AA98-2BA6-4076-996D-C7B55A90D1ED}.Debug|Any CPU.ActiveCfg = Debug|Any CPU
		{2DA3AA98-2BA6-4076-996D-C7B55A90D1ED}.Debug|Any CPU.Build.0 = Debug|Any CPU
		{2DA3AA98-2BA6-4076-996D-C7B55A90D1ED}.Release|Any CPU.ActiveCfg = Release|Any CPU
		{2DA3AA98-2BA6-4076-996D-C7B55A90D1ED}.Release|Any CPU.Build.0 = Release|Any CPU
	EndGlobalSection
	GlobalSection(SolutionProperties) = preSolution
		HideSolutionNode = FALSE
	EndGlobalSection
	GlobalSection(ExtensibilityGlobals) = postSolution
		SolutionGuid = {427A155A-9C7E-470E-816C-A473CB154592}
	EndGlobalSection
EndGlobal
